
Microsoft Visual Studio Solution File, Format Version 12.00
# Visual Studio 15
VisualStudioVersion = 15.0.27130.2010
MinimumVisualStudioVersion = 10.0.40219.1
Project("{FAE04EC0-301F-11D3-BF4B-00C04F79EFBC}") = "Redux", "Redux\Redux.csproj", "{6E813151-6F86-40AC-98AE-88247B18FEAC}"
EndProject
Global
	GlobalSection(SolutionConfigurationPlatforms) = preSolution
		Debug|Any CPU = Debug|Any CPU
		Release|Any CPU = Release|Any CPU
	EndGlobalSection
	GlobalSection(ProjectConfigurationPlatforms) = postSolution
		{6E813151-6F86-40AC-98AE-88247B18FEAC}.Debug|Any CPU.ActiveCfg = Debug|Any CPU
		{6E813151-6F86-40AC-98AE-88247B18FEAC}.Debug|Any CPU.Build.0 = Debug|Any CPU
		{6E813151-6F86-40AC-98AE-88247B18FEAC}.Release|Any CPU.ActiveCfg = Release|Any CPU
		{6E813151-6F86-40AC-98AE-88247B18FEAC}.Release|Any CPU.Build.0 = Release|Any CPU
	EndGlobalSection
	GlobalSection(SolutionProperties) = preSolution
		HideSolutionNode = FALSE
	EndGlobalSection
	GlobalSection(ExtensibilityGlobals) = postSolution
		SolutionGuid = {0DCF9717-8AFA-4A0C-9672-320B1EE67C30}
	EndGlobalSection
EndGlobal
